{
  "name": "simulated",
  "version": "0.0.1",
  "lockfileVersion": 1,
  "requires": true,
  "dependencies": {
    "@types/node": {
      "version": "13.1.4",
      "resolved": "https://bandwidth.jfrog.io/bandwidth/api/npm/forge-npm/@types/node/-/node-13.1.4.tgz",
      "integrity": "sha1-TP2QF1ogDumwK9axzRm8NJdBYH4=",
      "dev": true
    },
    "typescript": {
      "version": "3.7.4",
      "resolved": "https://bandwidth.jfrog.io/bandwidth/api/npm/forge-npm/typescript/-/typescript-3.7.4.tgz",
      "integrity": "sha1-F0Ol7F/vah+p8+RwjjPIHHOHbBk=",
      "dev": true
    }
  }
}
